
Microsoft Visual Studio Solution File, Format Version 12.00
# Visual Studio Version 17
VisualStudioVersion = 17.7.34024.191
MinimumVisualStudioVersion = 10.0.40219.1
Project("{FAE04EC0-301F-11D3-BF4B-00C04F79EFBC}") = "UcgenCiz", "UcgenCiz\UcgenCiz.csproj", "{567EA415-FE06-4A4D-99C7-5448D78698A5}"
EndProject
Global
	GlobalSection(SolutionConfigurationPlatforms) = preSolution
		Debug|Any CPU = Debug|Any CPU
		Release|Any CPU = Release|Any CPU
	EndGlobalSection
	GlobalSection(ProjectConfigurationPlatforms) = postSolution
		{567EA415-FE06-4A4D-99C7-5448D78698A5}.Debug|Any CPU.ActiveCfg = Debug|Any CPU
		{567EA415-FE06-4A4D-99C7-5448D78698A5}.Debug|Any CPU.Build.0 = Debug|Any CPU
		{567EA415-FE06-4A4D-99C7-5448D78698A5}.Release|Any CPU.ActiveCfg = Release|Any CPU
		{567EA415-FE06-4A4D-99C7-5448D78698A5}.Release|Any CPU.Build.0 = Release|Any CPU
	EndGlobalSection
	GlobalSection(SolutionProperties) = preSolution
		HideSolutionNode = FALSE
	EndGlobalSection
	GlobalSection(ExtensibilityGlobals) = postSolution
		SolutionGuid = {6AF5C32E-3EA4-4A55-9255-E22ED92B2CDC}
	EndGlobalSection
EndGlobal
